
Microsoft Visual Studio Solution File, Format Version 12.00
# Visual Studio Version 16
VisualStudioVersion = 16.0.30320.27
MinimumVisualStudioVersion = 10.0.40219.1
Project("{FAE04EC0-301F-11D3-BF4B-00C04F79EFBC}") = "UI.Code", "UI.Code.csproj", "{146FF75D-46BA-45BD-9B0C-760137994325}"
EndProject
Project("{2150E333-8FDC-42A3-9474-1A3956D46DE8}") = "Solution Items", "Solution Items", "{1A9B84D9-B524-4F37-944C-60368B944EC1}"
	ProjectSection(SolutionItems) = preProject
		TextFile1.txt = TextFile1.txt
	EndProjectSection
EndProject
Global
	GlobalSection(SolutionConfigurationPlatforms) = preSolution
		Debug|Any CPU = Debug|Any CPU
		Release|Any CPU = Release|Any CPU
	EndGlobalSection
	GlobalSection(ProjectConfigurationPlatforms) = postSolution
		{146FF75D-46BA-45BD-9B0C-760137994325}.Debug|Any CPU.ActiveCfg = Debug|Any CPU
		{146FF75D-46BA-45BD-9B0C-760137994325}.Debug|Any CPU.Build.0 = Debug|Any CPU
		{146FF75D-46BA-45BD-9B0C-760137994325}.Release|Any CPU.ActiveCfg = Release|Any CPU
		{146FF75D-46BA-45BD-9B0C-760137994325}.Release|Any CPU.Build.0 = Release|Any CPU
	EndGlobalSection
	GlobalSection(SolutionProperties) = preSolution
		HideSolutionNode = FALSE
	EndGlobalSection
	GlobalSection(ExtensibilityGlobals) = postSolution
		SolutionGuid = {E0EEE5D0-8226-4E2F-9F95-FCF3287F5BEF}
	EndGlobalSection
EndGlobal
